
Microsoft Visual Studio Solution File, Format Version 12.00
Project("{FAE04EC0-301F-11D3-BF4B-00C04F79EFBC}") = "Tech-task-back-end.Api", "Tech-task-back-end.Api\Tech-task-back-end.Api.csproj", "{29A2CE64-89AC-4E96-B3F8-220282D92428}"
EndProject
Project("{FAE04EC0-301F-11D3-BF4B-00C04F79EFBC}") = "Tech-task-back-end.Application", "Tech-task-back-end.Application\Tech-task-back-end.Application.csproj", "{2DDACBB5-C058-49C8-94D5-54E66C84BFC4}"
EndProject
Project("{FAE04EC0-301F-11D3-BF4B-00C04F79EFBC}") = "Tech-task-back-end.Infrastructure", "Tech-task-back-end.Infrastructure\Tech-task-back-end.Infrastructure.csproj", "{ED4EC3E3-3979-407E-A759-EEC83C75A7E5}"
EndProject
Project("{FAE04EC0-301F-11D3-BF4B-00C04F79EFBC}") = "Tech-task-back-end.Domain", "Tech-task-back-end.Domain\Tech-task-back-end.Domain.csproj", "{DD92420D-9060-44B6-B718-04BE49D5F412}"
EndProject
Global
	GlobalSection(SolutionConfigurationPlatforms) = preSolution
		Debug|Any CPU = Debug|Any CPU
		Release|Any CPU = Release|Any CPU
	EndGlobalSection
	GlobalSection(ProjectConfigurationPlatforms) = postSolution
		{29A2CE64-89AC-4E96-B3F8-220282D92428}.Debug|Any CPU.ActiveCfg = Debug|Any CPU
		{29A2CE64-89AC-4E96-B3F8-220282D92428}.Debug|Any CPU.Build.0 = Debug|Any CPU
		{29A2CE64-89AC-4E96-B3F8-220282D92428}.Release|Any CPU.ActiveCfg = Release|Any CPU
		{29A2CE64-89AC-4E96-B3F8-220282D92428}.Release|Any CPU.Build.0 = Release|Any CPU
		{2DDACBB5-C058-49C8-94D5-54E66C84BFC4}.Debug|Any CPU.ActiveCfg = Debug|Any CPU
		{2DDACBB5-C058-49C8-94D5-54E66C84BFC4}.Debug|Any CPU.Build.0 = Debug|Any CPU
		{2DDACBB5-C058-49C8-94D5-54E66C84BFC4}.Release|Any CPU.ActiveCfg = Release|Any CPU
		{2DDACBB5-C058-49C8-94D5-54E66C84BFC4}.Release|Any CPU.Build.0 = Release|Any CPU
		{ED4EC3E3-3979-407E-A759-EEC83C75A7E5}.Debug|Any CPU.ActiveCfg = Debug|Any CPU
		{ED4EC3E3-3979-407E-A759-EEC83C75A7E5}.Debug|Any CPU.Build.0 = Debug|Any CPU
		{ED4EC3E3-3979-407E-A759-EEC83C75A7E5}.Release|Any CPU.ActiveCfg = Release|Any CPU
		{ED4EC3E3-3979-407E-A759-EEC83C75A7E5}.Release|Any CPU.Build.0 = Release|Any CPU
		{DD92420D-9060-44B6-B718-04BE49D5F412}.Debug|Any CPU.ActiveCfg = Debug|Any CPU
		{DD92420D-9060-44B6-B718-04BE49D5F412}.Debug|Any CPU.Build.0 = Debug|Any CPU
		{DD92420D-9060-44B6-B718-04BE49D5F412}.Release|Any CPU.ActiveCfg = Release|Any CPU
		{DD92420D-9060-44B6-B718-04BE49D5F412}.Release|Any CPU.Build.0 = Release|Any CPU
	EndGlobalSection
EndGlobal
